{
  "version": 1,
  "dependencies": {
    "net7.0-windows7.0": {
      "DalamudPackager": {
        "type": "Direct",
        "requested": "[2.1.10, )",
        "resolved": "2.1.10",
        "contentHash": "S6NrvvOnLgT4GDdgwuKVJjbFo+8ZEj+JsEYk9ojjOR/MMfv1dIFpT8aRJQfI24rtDcw1uF+GnSSMN4WW1yt7fw=="
      },
      "NaturalSort.Extension": {
        "type": "Transitive",
        "resolved": "3.2.0",
        "contentHash": "E6DE1xnwGYIwvxMeqW/TwJ882q+NL+TBJtW1x+u5u77HMCupL9qBQUkQikFcZYH0oSBr47qLpC/UYx4atTLdQA=="
      },
      "SerialQueue": {
        "type": "Transitive",
        "resolved": "2.1.0",
        "contentHash": "rmQcrFXgcrqT9M6+xdxAK/JWx1vFuCRT8fTdce4ALdze2/8N5yMRW9Vmkresw+JpL+JC8zuC1HfDkrfVgBUIqA=="
      },
      "System.Reactive": {
        "type": "Transitive",
        "resolved": "5.0.0",
        "contentHash": "erBZjkQHWL9jpasCE/0qKAryzVBJFxGHVBAvgRN1bzM0q2s1S4oYREEEL0Vb+1kA/6BKb5FjUZMp5VXmy+gzkQ=="
      },
      "XivCommon": {
        "type": "Transitive",
        "resolved": "7.0.0-alpha.1",
        "contentHash": "4Yy4Wg3bnI/g9BSEYAqOZALmVMJZS0wcP847VlUIThBqIS/47O6tw2BI84he4KuPSTfIsYOzrcz3vAia8+Pn3g=="
      },
      "criticalcommonlib": {
        "type": "Project",
        "dependencies": {
          "LuminaSupplemental.Excel": "[6.0.2, )",
          "NaturalSort.Extension": "[3.2.0, )",
          "SerialQueue": "[2.1.0, )",
          "System.Reactive": "[5.0.0, )",
          "XivCommon": "[7.0.0-alpha.1, )"
        }
      },
      "luminasupplemental.excel": {
        "type": "Project",
        "dependencies": {
          "XivCommon": "[7.0.0-alpha.1, )"
        }
      }
    }
  }
}